
Microsoft Visual Studio Solution File, Format Version 12.00
# Visual Studio 14
VisualStudioVersion = 14.0.25420.1
MinimumVisualStudioVersion = 10.0.40219.1
Project("{FAE04EC0-301F-11D3-BF4B-00C04F79EFBC}") = "Portugol_Java", "Portugol_Java\Portugol_Java.csproj", "{FF2C877D-19EF-4B96-B7D8-B05D3A475A38}"
EndProject
Project("{FAE04EC0-301F-11D3-BF4B-00C04F79EFBC}") = "PortugolJavaConsole", "PortugolJavaConsole\PortugolJavaConsole.csproj", "{AF22C258-5B90-40AB-BDD1-D6E9A3E1AEFE}"
EndProject
Global
	GlobalSection(SolutionConfigurationPlatforms) = preSolution
		Debug|Any CPU = Debug|Any CPU
		Release|Any CPU = Release|Any CPU
	EndGlobalSection
	GlobalSection(ProjectConfigurationPlatforms) = postSolution
		{FF2C877D-19EF-4B96-B7D8-B05D3A475A38}.Debug|Any CPU.ActiveCfg = Debug|Any CPU
		{FF2C877D-19EF-4B96-B7D8-B05D3A475A38}.Debug|Any CPU.Build.0 = Debug|Any CPU
		{FF2C877D-19EF-4B96-B7D8-B05D3A475A38}.Release|Any CPU.ActiveCfg = Release|Any CPU
		{FF2C877D-19EF-4B96-B7D8-B05D3A475A38}.Release|Any CPU.Build.0 = Release|Any CPU
		{AF22C258-5B90-40AB-BDD1-D6E9A3E1AEFE}.Debug|Any CPU.ActiveCfg = Debug|Any CPU
		{AF22C258-5B90-40AB-BDD1-D6E9A3E1AEFE}.Debug|Any CPU.Build.0 = Debug|Any CPU
		{AF22C258-5B90-40AB-BDD1-D6E9A3E1AEFE}.Release|Any CPU.ActiveCfg = Release|Any CPU
		{AF22C258-5B90-40AB-BDD1-D6E9A3E1AEFE}.Release|Any CPU.Build.0 = Release|Any CPU
	EndGlobalSection
	GlobalSection(SolutionProperties) = preSolution
		HideSolutionNode = FALSE
	EndGlobalSection
EndGlobal
